{
  "name": "examples",
  "version": "1.0.0",
  "lockfileVersion": 1,
  "requires": true,
  "dependencies": {
    "numbers-game": {
      "version": "1.0.0",
      "resolved": "https://registry.npmjs.org/numbers-game/-/numbers-game-1.0.0.tgz",
      "integrity": "sha512-2I5gqDHxv062t48Gmw/vKapBGEqsOnEb1cY/ptGCKrnIo7GzImE1sj+CiXxCZrBjt9kgIOVFYP5CNfmeqskD6A==",
      "requires": {
        "readline": "^1.3.0"
      }
    },
    "readline": {
      "version": "1.3.0",
      "resolved": "https://registry.npmjs.org/readline/-/readline-1.3.0.tgz",
      "integrity": "sha1-xYDXfvLPyHUrEySYBg3JeTp6wBw="
    }
  }
}
