{
  "name": "examples",
  "version": "1.0.0",
  "lockfileVersion": 1,
  "requires": true,
  "dependencies": {
    "numbers-game": {
      "version": "1.1.1",
      "resolved": "https://registry.npmjs.org/numbers-game/-/numbers-game-1.1.1.tgz",
      "integrity": "sha512-HRfUNwb2QWMcsCl8aeLQITup4NhI4IxUkOqOTonj/3dc9tXItHo8pxJdgMleK+uKKjNEG32L3M9/y3mevdbK9w=="
    }
  }
}
